# Reachable vendored Go dependencies.
# Format: module source-revision tree-sha256 file-count
# The tree digest covers each tracked vendor path, LF separator, canonical Git
# index content, and trailing LF, ordered by path. Unstaged and untracked vendor
# changes are rejected. scripts/verify-vendor-lock is the canonical verifier.

github.com/gorilla/websocket 3986be78bf859e01f01af631ad76da5b269d270c 9f4475578c9b9670a38d8c20a1a91f1f0301f93a2bc114b0a391efdf743213c1 11
github.com/mitchellh/mapstructure d2dd0262208475919e1a362f675cfc0e7c10e905 5ecada156d1fc5c4b67cc1a7b46cf082bc8aa7a093fda4ccefdedfb12d49cc5b 6
github.com/pkg/errors 17b591df37844cde689f4d5813e5cea0927d8dd2 8d778de1a94512e5193b2daa339c6fcf816027a8fb111b50b1ec213128c57b86 7
github.com/rancher/event-subscriber 9a4724dc5dfe9a67c4cf9366d0e9af469e977ab9 a7cee07735cfbc148d29052bb635ede61c6697b3885556430761356aeaed913d 14
github.com/rancher/go-rancher 2c43ff300f3eafcbd7d0b89b10427fc630efdc1e cd57b8219110b2b077e1fdec5122d34708de898d9eb54b484557bb9ef02aaae6 166
github.com/rancher/log 32edc2c46eac88c32e92e207ccd81f0db2fe28f1 c5e13e2191375bebe4d33c9ed04d68577f5b9ef83ffed257e3cc4b4751b76dac 5
github.com/sirupsen/logrus b61f268f75b6ff134a62cd62aee1095fa12e8d2e 6fd50fb2f4b3e3c5f954280f58d45c4dfed37d49638b1b5803e428bf9d6a3257 34
github.com/urfave/cli 1efa31f08b9333f1bd4882d61f9d668a70cd902e 19d0f0cf2eeaa5753471812f4289af486fe457aada51608ce612cef39d9aaebc 16
golang.org/x/sys f33a730cd0c449cfd6f7106780c73052e96cc33d 371d6970beb6a91674bfaa61b37fb51617d8741d99f85a98bfe922d5a9afe314 479
gopkg.in/check.v1 4f90aeace3a26ad7021961c297b22c42160c7b25 15a311290d07300c414d6674e1e182f8ef8bfc42c0c53b86c6ca557b7ca6ebac 11
