# Reachable vendored Go dependencies.
# Format: module source-revision tree-sha256 file-count
# The tree digest covers each vendor-relative path, LF separator, raw file
# content, and trailing LF, ordered by path. scripts/verify-vendor-lock is the
# canonical verifier.

github.com/gorilla/websocket 3986be78bf859e01f01af631ad76da5b269d270c 205b11fad3dc35df285a022602b5d0ad1cb3b8d6ba51b3ae2bb6a1ceb0f96d89 11
github.com/mitchellh/mapstructure d2dd0262208475919e1a362f675cfc0e7c10e905 8aaaa37de52d84ff5b8421dea977264778a73b457121b5fb84ba1445c0299fcb 6
github.com/pkg/errors 17b591df37844cde689f4d5813e5cea0927d8dd2 e004355358adb8bb203eca4fdc6725cae642f967744745db62556881f69bac99 7
github.com/rancher/event-subscriber 9a4724dc5dfe9a67c4cf9366d0e9af469e977ab9 1732d8ca016414f5eca673f9b27765608fce4903d230349fecf038cd117420d2 14
github.com/rancher/go-rancher 2c43ff300f3eafcbd7d0b89b10427fc630efdc1e b020bee3d030d62d0a86137e4818d0f6e4fc7ef2d214d50f65893d96d9bb83d0 166
github.com/rancher/log 32edc2c46eac88c32e92e207ccd81f0db2fe28f1 7d58f389022e80bcdbb46d9215c8dae1b8696fa0a36728272bfda27f838cdcd1 5
github.com/sirupsen/logrus b61f268f75b6ff134a62cd62aee1095fa12e8d2e 85984ad8caa941a48e3ce996f8303df13c359ffa0677ac05a45779c811966d61 34
github.com/urfave/cli 1efa31f08b9333f1bd4882d61f9d668a70cd902e 2031d21c63495a059e41b99aa62dc658096fa9975b04accffc7d814235e69d39 16
golang.org/x/sys f33a730cd0c449cfd6f7106780c73052e96cc33d 371d6970beb6a91674bfaa61b37fb51617d8741d99f85a98bfe922d5a9afe314 479
gopkg.in/check.v1 4f90aeace3a26ad7021961c297b22c42160c7b25 b053750343fe5ede4fae50448293fa509e053586ba1c22287edb57f9cb8d12c9 11
